// !$*UTF8*$!
{
	archiveVersion = 1;
	classes = {
	};
	objectVersion = 50;
	objects = {

/* Begin PBXBuildFile section */
		57B415152687E6A800571447 /* Movies.json in Resources */ = {isa = PBXBuildFile; fileRef = 57B415142687E6A800571447 /* Movies.json */; };
		57B415172687E72E00571447 /* Movie.swift in Sources */ = {isa = PBXBuildFile; fileRef = 57B415162687E72E00571447 /* Movie.swift */; };
		57B4151B2687E81700571447 /* MovieDetailView.swift in Sources */ = {isa = PBXBuildFile; fileRef = 57B4151A2687E81700571447 /* MovieDetailView.swift */; };
		57B415242687E91E00571447 /* DiscoverListItemView.swift in Sources */ = {isa = PBXBuildFile; fileRef = 57B415232687E91E00571447 /* DiscoverListItemView.swift */; };
		57B415262687ED6E00571447 /* BackgroundView.swift in Sources */ = {isa = PBXBuildFile; fileRef = 57B415252687ED6E00571447 /* BackgroundView.swift */; };
		57B415292687F9E100571447 /* HeadingView.swift in Sources */ = {isa = PBXBuildFile; fileRef = 57B415282687F9E000571447 /* HeadingView.swift */; };
		57B4152B2687FAF300571447 /* DetailGalleryView.swift in Sources */ = {isa = PBXBuildFile; fileRef = 57B4152A2687FAF300571447 /* DetailGalleryView.swift */; };
		DC12A88D26659FCF001423A3 /* ContentView.swift in Sources */ = {isa = PBXBuildFile; fileRef = DC12A88C26659FCF001423A3 /* ContentView.swift */; };
		DC27E1CE26658B930029C3F4 /* SwiftUITutorial01App.swift in Sources */ = {isa = PBXBuildFile; fileRef = DC27E1CD26658B930029C3F4 /* SwiftUITutorial01App.swift */; };
		DC27E1D226658B950029C3F4 /* Assets.xcassets in Resources */ = {isa = PBXBuildFile; fileRef = DC27E1D126658B950029C3F4 /* Assets.xcassets */; };
		DC27E1D526658B950029C3F4 /* Preview Assets.xcassets in Resources */ = {isa = PBXBuildFile; fileRef = DC27E1D426658B950029C3F4 /* Preview Assets.xcassets */; };
		DC27E1E026658B950029C3F4 /* SwiftUITutorial01Tests.swift in Sources */ = {isa = PBXBuildFile; fileRef = DC27E1DF26658B950029C3F4 /* SwiftUITutorial01Tests.swift */; };
		DC27E1EB26658B950029C3F4 /* SwiftUITutorial01UITests.swift in Sources */ = {isa = PBXBuildFile; fileRef = DC27E1EA26658B950029C3F4 /* SwiftUITutorial01UITests.swift */; };
		DC27E2112665951A0029C3F4 /* DiscoverView.swift in Sources */ = {isa = PBXBuildFile; fileRef = DC27E2102665951A0029C3F4 /* DiscoverView.swift */; };
		DC27E2162665954E0029C3F4 /* MyListView.swift in Sources */ = {isa = PBXBuildFile; fileRef = DC27E2152665954E0029C3F4 /* MyListView.swift */; };
		DC27E21B2665955C0029C3F4 /* SearchView.swift in Sources */ = {isa = PBXBuildFile; fileRef = DC27E21A2665955C0029C3F4 /* SearchView.swift */; };
		DC27E220266595710029C3F4 /* LiveTVView.swift in Sources */ = {isa = PBXBuildFile; fileRef = DC27E21F266595710029C3F4 /* LiveTVView.swift */; };
		DC27E225266595840029C3F4 /* MoreView.swift in Sources */ = {isa = PBXBuildFile; fileRef = DC27E224266595840029C3F4 /* MoreView.swift */; };
		DC64C30C266968F1000D5BD5 /* LiveTV.json in Resources */ = {isa = PBXBuildFile; fileRef = DC64C30B266968F0000D5BD5 /* LiveTV.json */; };
		DC64C31526696DA1000D5BD5 /* CodableBundleExtension.swift in Sources */ = {isa = PBXBuildFile; fileRef = DC64C31426696DA1000D5BD5 /* CodableBundleExtension.swift */; };
		DC727E17267240810065F41B /* ControlsView.swift in Sources */ = {isa = PBXBuildFile; fileRef = DC727E16267240810065F41B /* ControlsView.swift */; };
		DCDDFA9E26696F1F00F00717 /* Channel.swift in Sources */ = {isa = PBXBuildFile; fileRef = DCDDFA9D26696F1F00F00717 /* Channel.swift */; };
		DCDDFAA4266972BF00F00717 /* ChannelView.swift in Sources */ = {isa = PBXBuildFile; fileRef = DCDDFAA3266972BF00F00717 /* ChannelView.swift */; };
		DCFB97672673760C00FAB17E /* PlayerView.swift in Sources */ = {isa = PBXBuildFile; fileRef = DCFB97662673760C00FAB17E /* PlayerView.swift */; };
/* End PBXBuildFile section */

/* Begin PBXContainerItemProxy section */
		DC27E1DC26658B950029C3F4 /* PBXContainerItemProxy */ = {
			isa = PBXContainerItemProxy;
			containerPortal = DC27E1C226658B930029C3F4 /* Project object */;
			proxyType = 1;
			remoteGlobalIDString = DC27E1C926658B930029C3F4;
			remoteInfo = SwiftUITutorial01;
		};
		DC27E1E726658B950029C3F4 /* PBXContainerItemProxy */ = {
			isa = PBXContainerItemProxy;
			containerPortal = DC27E1C226658B930029C3F4 /* Project object */;
			proxyType = 1;
			remoteGlobalIDString = DC27E1C926658B930029C3F4;
			remoteInfo = SwiftUITutorial01;
		};
/* End PBXContainerItemProxy section */

/* Begin PBXFileReference section */
		57B415142687E6A800571447 /* Movies.json */ = {isa = PBXFileReference; fileEncoding = 4; lastKnownFileType = text.json; path = Movies.json; sourceTree = "<group>"; };
		57B415162687E72E00571447 /* Movie.swift */ = {isa = PBXFileReference; lastKnownFileType = sourcecode.swift; path = Movie.swift; sourceTree = "<group>"; };
		57B4151A2687E81700571447 /* MovieDetailView.swift */ = {isa = PBXFileReference; lastKnownFileType = sourcecode.swift; path = MovieDetailView.swift; sourceTree = "<group>"; };
		57B415232687E91E00571447 /* DiscoverListItemView.swift */ = {isa = PBXFileReference; lastKnownFileType = sourcecode.swift; path = DiscoverListItemView.swift; sourceTree = "<group>"; };
		57B415252687ED6E00571447 /* BackgroundView.swift */ = {isa = PBXFileReference; lastKnownFileType = sourcecode.swift; path = BackgroundView.swift; sourceTree = "<group>"; };
		57B415282687F9E000571447 /* HeadingView.swift */ = {isa = PBXFileReference; lastKnownFileType = sourcecode.swift; path = HeadingView.swift; sourceTree = "<group>"; };
		57B4152A2687FAF300571447 /* DetailGalleryView.swift */ = {isa = PBXFileReference; lastKnownFileType = sourcecode.swift; path = DetailGalleryView.swift; sourceTree = "<group>"; };
		DC12A88C26659FCF001423A3 /* ContentView.swift */ = {isa = PBXFileReference; lastKnownFileType = sourcecode.swift; path = ContentView.swift; sourceTree = "<group>"; };
		DC27E1CA26658B930029C3F4 /* SwiftUITutorial01.app */ = {isa = PBXFileReference; explicitFileType = wrapper.application; includeInIndex = 0; path = SwiftUITutorial01.app; sourceTree = BUILT_PRODUCTS_DIR; };
		DC27E1CD26658B930029C3F4 /* SwiftUITutorial01App.swift */ = {isa = PBXFileReference; lastKnownFileType = sourcecode.swift; path = SwiftUITutorial01App.swift; sourceTree = "<group>"; };
		DC27E1D126658B950029C3F4 /* Assets.xcassets */ = {isa = PBXFileReference; lastKnownFileType = folder.assetcatalog; path = Assets.xcassets; sourceTree = "<group>"; };
		DC27E1D426658B950029C3F4 /* Preview Assets.xcassets */ = {isa = PBXFileReference; lastKnownFileType = folder.assetcatalog; path = "Preview Assets.xcassets"; sourceTree = "<group>"; };
		DC27E1D626658B950029C3F4 /* Info.plist */ = {isa = PBXFileReference; lastKnownFileType = text.plist.xml; path = Info.plist; sourceTree = "<group>"; };
		DC27E1DB26658B950029C3F4 /* SwiftUITutorial01Tests.xctest */ = {isa = PBXFileReference; explicitFileType = wrapper.cfbundle; includeInIndex = 0; path = SwiftUITutorial01Tests.xctest; sourceTree = BUILT_PRODUCTS_DIR; };
		DC27E1DF26658B950029C3F4 /* SwiftUITutorial01Tests.swift */ = {isa = PBXFileReference; lastKnownFileType = sourcecode.swift; path = SwiftUITutorial01Tests.swift; sourceTree = "<group>"; };
		DC27E1E126658B950029C3F4 /* Info.plist */ = {isa = PBXFileReference; lastKnownFileType = text.plist.xml; path = Info.plist; sourceTree = "<group>"; };
		DC27E1E626658B950029C3F4 /* SwiftUITutorial01UITests.xctest */ = {isa = PBXFileReference; explicitFileType = wrapper.cfbundle; includeInIndex = 0; path = SwiftUITutorial01UITests.xctest; sourceTree = BUILT_PRODUCTS_DIR; };
		DC27E1EA26658B950029C3F4 /* SwiftUITutorial01UITests.swift */ = {isa = PBXFileReference; lastKnownFileType = sourcecode.swift; path = SwiftUITutorial01UITests.swift; sourceTree = "<group>"; };
		DC27E1EC26658B950029C3F4 /* Info.plist */ = {isa = PBXFileReference; lastKnownFileType = text.plist.xml; path = Info.plist; sourceTree = "<group>"; };
		DC27E2102665951A0029C3F4 /* DiscoverView.swift */ = {isa = PBXFileReference; lastKnownFileType = sourcecode.swift; path = DiscoverView.swift; sourceTree = "<group>"; };
		DC27E2152665954E0029C3F4 /* MyListView.swift */ = {isa = PBXFileReference; lastKnownFileType = sourcecode.swift; path = MyListView.swift; sourceTree = "<group>"; };
		DC27E21A2665955C0029C3F4 /* SearchView.swift */ = {isa = PBXFileReference; lastKnownFileType = sourcecode.swift; path = SearchView.swift; sourceTree = "<group>"; };
		DC27E21F266595710029C3F4 /* LiveTVView.swift */ = {isa = PBXFileReference; lastKnownFileType = sourcecode.swift; path = LiveTVView.swift; sourceTree = "<group>"; };
		DC27E224266595840029C3F4 /* MoreView.swift */ = {isa = PBXFileReference; lastKnownFileType = sourcecode.swift; path = MoreView.swift; sourceTree = "<group>"; };
		DC64C30B266968F0000D5BD5 /* LiveTV.json */ = {isa = PBXFileReference; fileEncoding = 4; lastKnownFileType = text.json; path = LiveTV.json; sourceTree = "<group>"; };
		DC64C31426696DA1000D5BD5 /* CodableBundleExtension.swift */ = {isa = PBXFileReference; lastKnownFileType = sourcecode.swift; path = CodableBundleExtension.swift; sourceTree = "<group>"; };
		DC727E16267240810065F41B /* ControlsView.swift */ = {isa = PBXFileReference; lastKnownFileType = sourcecode.swift; path = ControlsView.swift; sourceTree = "<group>"; };
		DCDDFA9D26696F1F00F00717 /* Channel.swift */ = {isa = PBXFileReference; lastKnownFileType = sourcecode.swift; path = Channel.swift; sourceTree = "<group>"; };
		DCDDFAA3266972BF00F00717 /* ChannelView.swift */ = {isa = PBXFileReference; lastKnownFileType = sourcecode.swift; path = ChannelView.swift; sourceTree = "<group>"; };
		DCFB97662673760C00FAB17E /* PlayerView.swift */ = {isa = PBXFileReference; lastKnownFileType = sourcecode.swift; path = PlayerView.swift; sourceTree = "<group>"; };
/* End PBXFileReference section */

/* Begin PBXFrameworksBuildPhase section */
		DC27E1C726658B930029C3F4 /* Frameworks */ = {
			isa = PBXFrameworksBuildPhase;
			buildActionMask = 2147483647;
			files = (
			);
			runOnlyForDeploymentPostprocessing = 0;
		};
		DC27E1D826658B950029C3F4 /* Frameworks */ = {
			isa = PBXFrameworksBuildPhase;
			buildActionMask = 2147483647;
			files = (
			);
			runOnlyForDeploymentPostprocessing = 0;
		};
		DC27E1E326658B950029C3F4 /* Frameworks */ = {
			isa = PBXFrameworksBuildPhase;
			buildActionMask = 2147483647;
			files = (
			);
			runOnlyForDeploymentPostprocessing = 0;
		};
/* End PBXFrameworksBuildPhase section */

/* Begin PBXGroup section */
		57B4151C2687E87200571447 /* Discover */ = {
			isa = PBXGroup;
			children = (
				DC27E2102665951A0029C3F4 /* DiscoverView.swift */,
				57B415232687E91E00571447 /* DiscoverListItemView.swift */,
			);
			path = Discover;
			sourceTree = "<group>";
		};
		57B4151D2687E88400571447 /* Detail */ = {
			isa = PBXGroup;
			children = (
				57B4151A2687E81700571447 /* MovieDetailView.swift */,
			);
			path = Detail;
			sourceTree = "<group>";
		};
		57B4151E2687E8A600571447 /* App */ = {
			isa = PBXGroup;
			children = (
				DC27E1CD26658B930029C3F4 /* SwiftUITutorial01App.swift */,
			);
			path = App;
			sourceTree = "<group>";
		};
		57B4151F2687E8C200571447 /* Search */ = {
			isa = PBXGroup;
			children = (
				DC27E21A2665955C0029C3F4 /* SearchView.swift */,
			);
			path = Search;
			sourceTree = "<group>";
		};
		57B415202687E8C900571447 /* More */ = {
			isa = PBXGroup;
			children = (
				DC27E224266595840029C3F4 /* MoreView.swift */,
			);
			path = More;
			sourceTree = "<group>";
		};
		57B415212687E8D500571447 /* Live */ = {
			isa = PBXGroup;
			children = (
				DCDDFAA3266972BF00F00717 /* ChannelView.swift */,
				DC27E21F266595710029C3F4 /* LiveTVView.swift */,
			);
			path = Live;
			sourceTree = "<group>";
		};
		57B415222687E8E200571447 /* MyList */ = {
			isa = PBXGroup;
			children = (
				DC27E2152665954E0029C3F4 /* MyListView.swift */,
			);
			path = MyList;
			sourceTree = "<group>";
		};
		DC12A88326659F82001423A3 /* Utils */ = {
			isa = PBXGroup;
			children = (
				DC64C31426696DA1000D5BD5 /* CodableBundleExtension.swift */,
			);
			path = Utils;
			sourceTree = "<group>";
		};
		DC27E1C126658B930029C3F4 = {
			isa = PBXGroup;
			children = (
				DC27E1CC26658B930029C3F4 /* SwiftUITutorial01 */,
				DC27E1DE26658B950029C3F4 /* SwiftUITutorial01Tests */,
				DC27E1E926658B950029C3F4 /* SwiftUITutorial01UITests */,
				DC27E1CB26658B930029C3F4 /* Products */,
			);
			sourceTree = "<group>";
		};
		DC27E1CB26658B930029C3F4 /* Products */ = {
			isa = PBXGroup;
			children = (
				DC27E1CA26658B930029C3F4 /* SwiftUITutorial01.app */,
				DC27E1DB26658B950029C3F4 /* SwiftUITutorial01Tests.xctest */,
				DC27E1E626658B950029C3F4 /* SwiftUITutorial01UITests.xctest */,
			);
			name = Products;
			sourceTree = "<group>";
		};
		DC27E1CC26658B930029C3F4 /* SwiftUITutorial01 */ = {
			isa = PBXGroup;
			children = (
				57B4151E2687E8A600571447 /* App */,
				DC64C31326696900000D5BD5 /* Models */,
				DC12A88326659F82001423A3 /* Utils */,
				DC27E20C266591360029C3F4 /* View */,
				DC27E1FB266590660029C3F4 /* Data */,
				DC27E1D126658B950029C3F4 /* Assets.xcassets */,
				DC27E1D626658B950029C3F4 /* Info.plist */,
				DC27E1D326658B950029C3F4 /* Preview Content */,
			);
			path = SwiftUITutorial01;
			sourceTree = "<group>";
		};
		DC27E1D326658B950029C3F4 /* Preview Content */ = {
			isa = PBXGroup;
			children = (
				DC27E1D426658B950029C3F4 /* Preview Assets.xcassets */,
			);
			path = "Preview Content";
			sourceTree = "<group>";
		};
		DC27E1DE26658B950029C3F4 /* SwiftUITutorial01Tests */ = {
			isa = PBXGroup;
			children = (
				DC27E1DF26658B950029C3F4 /* SwiftUITutorial01Tests.swift */,
				DC27E1E126658B950029C3F4 /* Info.plist */,
			);
			path = SwiftUITutorial01Tests;
			sourceTree = "<group>";
		};
		DC27E1E926658B950029C3F4 /* SwiftUITutorial01UITests */ = {
			isa = PBXGroup;
			children = (
				DC27E1EA26658B950029C3F4 /* SwiftUITutorial01UITests.swift */,
				DC27E1EC26658B950029C3F4 /* Info.plist */,
			);
			path = SwiftUITutorial01UITests;
			sourceTree = "<group>";
		};
		DC27E1FB266590660029C3F4 /* Data */ = {
			isa = PBXGroup;
			children = (
				57B415142687E6A800571447 /* Movies.json */,
				DC64C30B266968F0000D5BD5 /* LiveTV.json */,
			);
			path = Data;
			sourceTree = "<group>";
		};
		DC27E20C266591360029C3F4 /* View */ = {
			isa = PBXGroup;
			children = (
				57B4151C2687E87200571447 /* Discover */,
				57B415222687E8E200571447 /* MyList */,
				57B4151F2687E8C200571447 /* Search */,
				57B415212687E8D500571447 /* Live */,
				57B415202687E8C900571447 /* More */,
				57B4151D2687E88400571447 /* Detail */,
				DCDDFAA2266972A500F00717 /* SubViews */,
				DC12A88C26659FCF001423A3 /* ContentView.swift */,
			);
			path = View;
			sourceTree = "<group>";
		};
		DC64C31326696900000D5BD5 /* Models */ = {
			isa = PBXGroup;
			children = (
				DCDDFA9D26696F1F00F00717 /* Channel.swift */,
				57B415162687E72E00571447 /* Movie.swift */,
			);
			path = Models;
			sourceTree = "<group>";
		};
		DCDDFAA2266972A500F00717 /* SubViews */ = {
			isa = PBXGroup;
			children = (
				DCFB97662673760C00FAB17E /* PlayerView.swift */,
				DC727E16267240810065F41B /* ControlsView.swift */,
				57B415252687ED6E00571447 /* BackgroundView.swift */,
				57B415282687F9E000571447 /* HeadingView.swift */,
				57B4152A2687FAF300571447 /* DetailGalleryView.swift */,
			);
			path = SubViews;
			sourceTree = "<group>";
		};
/* End PBXGroup section */

/* Begin PBXNativeTarget section */
		DC27E1C926658B930029C3F4 /* SwiftUITutorial01 */ = {
			isa = PBXNativeTarget;
			buildConfigurationList = DC27E1EF26658B950029C3F4 /* Build configuration list for PBXNativeTarget "SwiftUITutorial01" */;
			buildPhases = (
				DC27E1C626658B930029C3F4 /* Sources */,
				DC27E1C726658B930029C3F4 /* Frameworks */,
				DC27E1C826658B930029C3F4 /* Resources */,
			);
			buildRules = (
			);
			dependencies = (
			);
			name = SwiftUITutorial01;
			productName = SwiftUITutorial01;
			productReference = DC27E1CA26658B930029C3F4 /* SwiftUITutorial01.app */;
			productType = "com.apple.product-type.application";
		};
		DC27E1DA26658B950029C3F4 /* SwiftUITutorial01Tests */ = {
			isa = PBXNativeTarget;
			buildConfigurationList = DC27E1F226658B950029C3F4 /* Build configuration list for PBXNativeTarget "SwiftUITutorial01Tests" */;
			buildPhases = (
				DC27E1D726658B950029C3F4 /* Sources */,
				DC27E1D826658B950029C3F4 /* Frameworks */,
				DC27E1D926658B950029C3F4 /* Resources */,
			);
			buildRules = (
			);
			dependencies = (
				DC27E1DD26658B950029C3F4 /* PBXTargetDependency */,
			);
			name = SwiftUITutorial01Tests;
			productName = SwiftUITutorial01Tests;
			productReference = DC27E1DB26658B950029C3F4 /* SwiftUITutorial01Tests.xctest */;
			productType = "com.apple.product-type.bundle.unit-test";
		};
		DC27E1E526658B950029C3F4 /* SwiftUITutorial01UITests */ = {
			isa = PBXNativeTarget;
			buildConfigurationList = DC27E1F526658B950029C3F4 /* Build configuration list for PBXNativeTarget "SwiftUITutorial01UITests" */;
			buildPhases = (
				DC27E1E226658B950029C3F4 /* Sources */,
				DC27E1E326658B950029C3F4 /* Frameworks */,
				DC27E1E426658B950029C3F4 /* Resources */,
			);
			buildRules = (
			);
			dependencies = (
				DC27E1E826658B950029C3F4 /* PBXTargetDependency */,
			);
			name = SwiftUITutorial01UITests;
			productName = SwiftUITutorial01UITests;
			productReference = DC27E1E626658B950029C3F4 /* SwiftUITutorial01UITests.xctest */;
			productType = "com.apple.product-type.bundle.ui-testing";
		};
/* End PBXNativeTarget section */

/* Begin PBXProject section */
		DC27E1C226658B930029C3F4 /* Project object */ = {
			isa = PBXProject;
			attributes = {
				LastSwiftUpdateCheck = 1240;
				LastUpgradeCheck = 1240;
				TargetAttributes = {
					DC27E1C926658B930029C3F4 = {
						CreatedOnToolsVersion = 12.4;
					};
					DC27E1DA26658B950029C3F4 = {
						CreatedOnToolsVersion = 12.4;
						TestTargetID = DC27E1C926658B930029C3F4;
					};
					DC27E1E526658B950029C3F4 = {
						CreatedOnToolsVersion = 12.4;
						TestTargetID = DC27E1C926658B930029C3F4;
					};
				};
			};
			buildConfigurationList = DC27E1C526658B930029C3F4 /* Build configuration list for PBXProject "SwiftUITutorial01" */;
			compatibilityVersion = "Xcode 9.3";
			developmentRegion = en;
			hasScannedForEncodings = 0;
			knownRegions = (
				en,
				Base,
			);
			mainGroup = DC27E1C126658B930029C3F4;
			productRefGroup = DC27E1CB26658B930029C3F4 /* Products */;
			projectDirPath = "";
			projectRoot = "";
			targets = (
				DC27E1C926658B930029C3F4 /* SwiftUITutorial01 */,
				DC27E1DA26658B950029C3F4 /* SwiftUITutorial01Tests */,
				DC27E1E526658B950029C3F4 /* SwiftUITutorial01UITests */,
			);
		};
/* End PBXProject section */

/* Begin PBXResourcesBuildPhase section */
		DC27E1C826658B930029C3F4 /* Resources */ = {
			isa = PBXResourcesBuildPhase;
			buildActionMask = 2147483647;
			files = (
				DC27E1D526658B950029C3F4 /* Preview Assets.xcassets in Resources */,
				DC27E1D226658B950029C3F4 /* Assets.xcassets in Resources */,
				57B415152687E6A800571447 /* Movies.json in Resources */,
				DC64C30C266968F1000D5BD5 /* LiveTV.json in Resources */,
			);
			runOnlyForDeploymentPostprocessing = 0;
		};
		DC27E1D926658B950029C3F4 /* Resources */ = {
			isa = PBXResourcesBuildPhase;
			buildActionMask = 2147483647;
			files = (
			);
			runOnlyForDeploymentPostprocessing = 0;
		};
		DC27E1E426658B950029C3F4 /* Resources */ = {
			isa = PBXResourcesBuildPhase;
			buildActionMask = 2147483647;
			files = (
			);
			runOnlyForDeploymentPostprocessing = 0;
		};
/* End PBXResourcesBuildPhase section */

/* Begin PBXSourcesBuildPhase section */
		DC27E1C626658B930029C3F4 /* Sources */ = {
			isa = PBXSourcesBuildPhase;
			buildActionMask = 2147483647;
			files = (
				DC27E21B2665955C0029C3F4 /* SearchView.swift in Sources */,
				DC27E225266595840029C3F4 /* MoreView.swift in Sources */,
				DC12A88D26659FCF001423A3 /* ContentView.swift in Sources */,
				DCFB97672673760C00FAB17E /* PlayerView.swift in Sources */,
				DC27E220266595710029C3F4 /* LiveTVView.swift in Sources */,
				DC27E2162665954E0029C3F4 /* MyListView.swift in Sources */,
				57B4151B2687E81700571447 /* MovieDetailView.swift in Sources */,
				DC27E1CE26658B930029C3F4 /* SwiftUITutorial01App.swift in Sources */,
				DC27E2112665951A0029C3F4 /* DiscoverView.swift in Sources */,
				57B415172687E72E00571447 /* Movie.swift in Sources */,
				57B415292687F9E100571447 /* HeadingView.swift in Sources */,
				57B415262687ED6E00571447 /* BackgroundView.swift in Sources */,
				57B4152B2687FAF300571447 /* DetailGalleryView.swift in Sources */,
				DCDDFA9E26696F1F00F00717 /* Channel.swift in Sources */,
				DCDDFAA4266972BF00F00717 /* ChannelView.swift in Sources */,
				DC64C31526696DA1000D5BD5 /* CodableBundleExtension.swift in Sources */,
				DC727E17267240810065F41B /* ControlsView.swift in Sources */,
				57B415242687E91E00571447 /* DiscoverListItemView.swift in Sources */,
			);
			runOnlyForDeploymentPostprocessing = 0;
		};
		DC27E1D726658B950029C3F4 /* Sources */ = {
			isa = PBXSourcesBuildPhase;
			buildActionMask = 2147483647;
			files = (
				DC27E1E026658B950029C3F4 /* SwiftUITutorial01Tests.swift in Sources */,
			);
			runOnlyForDeploymentPostprocessing = 0;
		};
		DC27E1E226658B950029C3F4 /* Sources */ = {
			isa = PBXSourcesBuildPhase;
			buildActionMask = 2147483647;
			files = (
				DC27E1EB26658B950029C3F4 /* SwiftUITutorial01UITests.swift in Sources */,
			);
			runOnlyForDeploymentPostprocessing = 0;
		};
/* End PBXSourcesBuildPhase section */

/* Begin PBXTargetDependency section */
		DC27E1DD26658B950029C3F4 /* PBXTargetDependency */ = {
			isa = PBXTargetDependency;
			target = DC27E1C926658B930029C3F4 /* SwiftUITutorial01 */;
			targetProxy = DC27E1DC26658B950029C3F4 /* PBXContainerItemProxy */;
		};
		DC27E1E826658B950029C3F4 /* PBXTargetDependency */ = {
			isa = PBXTargetDependency;
			target = DC27E1C926658B930029C3F4 /* SwiftUITutorial01 */;
			targetProxy = DC27E1E726658B950029C3F4 /* PBXContainerItemProxy */;
		};
/* End PBXTargetDependency section */

/* Begin XCBuildConfiguration section */
		DC27E1ED26658B950029C3F4 /* Debug */ = {
			isa = XCBuildConfiguration;
			buildSettings = {
				ALWAYS_SEARCH_USER_PATHS = NO;
				ASSETCATALOG_COMPILER_GLOBAL_ACCENT_COLOR_NAME = AccentColor;
				CLANG_ANALYZER_NONNULL = YES;
				CLANG_ANALYZER_NUMBER_OBJECT_CONVERSION = YES_AGGRESSIVE;
				CLANG_CXX_LANGUAGE_STANDARD = "gnu++14";
				CLANG_CXX_LIBRARY = "libc++";
				CLANG_ENABLE_MODULES = YES;
				CLANG_ENABLE_OBJC_ARC = YES;
				CLANG_ENABLE_OBJC_WEAK = YES;
				CLANG_WARN_BLOCK_CAPTURE_AUTORELEASING = YES;
				CLANG_WARN_BOOL_CONVERSION = YES;
				CLANG_WARN_COMMA = YES;
				CLANG_WARN_CONSTANT_CONVERSION = YES;
				CLANG_WARN_DEPRECATED_OBJC_IMPLEMENTATIONS = YES;
				CLANG_WARN_DIRECT_OBJC_ISA_USAGE = YES_ERROR;
				CLANG_WARN_DOCUMENTATION_COMMENTS = YES;
				CLANG_WARN_EMPTY_BODY = YES;
				CLANG_WARN_ENUM_CONVERSION = YES;
				CLANG_WARN_INFINITE_RECURSION = YES;
				CLANG_WARN_INT_CONVERSION = YES;
				CLANG_WARN_NON_LITERAL_NULL_CONVERSION = YES;
				CLANG_WARN_OBJC_IMPLICIT_RETAIN_SELF = YES;
				CLANG_WARN_OBJC_LITERAL_CONVERSION = YES;
				CLANG_WARN_OBJC_ROOT_CLASS = YES_ERROR;
				CLANG_WARN_QUOTED_INCLUDE_IN_FRAMEWORK_HEADER = YES;
				CLANG_WARN_RANGE_LOOP_ANALYSIS = YES;
				CLANG_WARN_STRICT_PROTOTYPES = YES;
				CLANG_WARN_SUSPICIOUS_MOVE = YES;
				CLANG_WARN_UNGUARDED_AVAILABILITY = YES_AGGRESSIVE;
				CLANG_WARN_UNREACHABLE_CODE = YES;
				CLANG_WARN__DUPLICATE_METHOD_MATCH = YES;
				COPY_PHASE_STRIP = NO;
				DEBUG_INFORMATION_FORMAT = dwarf;
				ENABLE_STRICT_OBJC_MSGSEND = YES;
				ENABLE_TESTABILITY = YES;
				GCC_C_LANGUAGE_STANDARD = gnu11;
				GCC_DYNAMIC_NO_PIC = NO;
				GCC_NO_COMMON_BLOCKS = YES;
				GCC_OPTIMIZATION_LEVEL = 0;
				GCC_PREPROCESSOR_DEFINITIONS = (
					"DEBUG=1",
					"$(inherited)",
				);
				GCC_WARN_64_TO_32_BIT_CONVERSION = YES;
				GCC_WARN_ABOUT_RETURN_TYPE = YES_ERROR;
				GCC_WARN_UNDECLARED_SELECTOR = YES;
				GCC_WARN_UNINITIALIZED_AUTOS = YES_AGGRESSIVE;
				GCC_WARN_UNUSED_FUNCTION = YES;
				GCC_WARN_UNUSED_VARIABLE = YES;
				IPHONEOS_DEPLOYMENT_TARGET = 14.4;
				MTL_ENABLE_DEBUG_INFO = INCLUDE_SOURCE;
				MTL_FAST_MATH = YES;
				ONLY_ACTIVE_ARCH = YES;
				SDKROOT = iphoneos;
				SWIFT_ACTIVE_COMPILATION_CONDITIONS = DEBUG;
				SWIFT_OPTIMIZATION_LEVEL = "-Onone";
			};
			name = Debug;
		};
		DC27E1EE26658B950029C3F4 /* Release */ = {
			isa = XCBuildConfiguration;
			buildSettings = {
				ALWAYS_SEARCH_USER_PATHS = NO;
				ASSETCATALOG_COMPILER_GLOBAL_ACCENT_COLOR_NAME = AccentColor;
				CLANG_ANALYZER_NONNULL = YES;
				CLANG_ANALYZER_NUMBER_OBJECT_CONVERSION = YES_AGGRESSIVE;
				CLANG_CXX_LANGUAGE_STANDARD = "gnu++14";
				CLANG_CXX_LIBRARY = "libc++";
				CLANG_ENABLE_MODULES = YES;
				CLANG_ENABLE_OBJC_ARC = YES;
				CLANG_ENABLE_OBJC_WEAK = YES;
				CLANG_WARN_BLOCK_CAPTURE_AUTORELEASING = YES;
				CLANG_WARN_BOOL_CONVERSION = YES;
				CLANG_WARN_COMMA = YES;
				CLANG_WARN_CONSTANT_CONVERSION = YES;
				CLANG_WARN_DEPRECATED_OBJC_IMPLEMENTATIONS = YES;
				CLANG_WARN_DIRECT_OBJC_ISA_USAGE = YES_ERROR;
				CLANG_WARN_DOCUMENTATION_COMMENTS = YES;
				CLANG_WARN_EMPTY_BODY = YES;
				CLANG_WARN_ENUM_CONVERSION = YES;
				CLANG_WARN_INFINITE_RECURSION = YES;
				CLANG_WARN_INT_CONVERSION = YES;
				CLANG_WARN_NON_LITERAL_NULL_CONVERSION = YES;
				CLANG_WARN_OBJC_IMPLICIT_RETAIN_SELF = YES;
				CLANG_WARN_OBJC_LITERAL_CONVERSION = YES;
				CLANG_WARN_OBJC_ROOT_CLASS = YES_ERROR;
				CLANG_WARN_QUOTED_INCLUDE_IN_FRAMEWORK_HEADER = YES;
				CLANG_WARN_RANGE_LOOP_ANALYSIS = YES;
				CLANG_WARN_STRICT_PROTOTYPES = YES;
				CLANG_WARN_SUSPICIOUS_MOVE = YES;
				CLANG_WARN_UNGUARDED_AVAILABILITY = YES_AGGRESSIVE;
				CLANG_WARN_UNREACHABLE_CODE = YES;
				CLANG_WARN__DUPLICATE_METHOD_MATCH = YES;
				COPY_PHASE_STRIP = NO;
				DEBUG_INFORMATION_FORMAT = "dwarf-with-dsym";
				ENABLE_NS_ASSERTIONS = NO;
				ENABLE_STRICT_OBJC_MSGSEND = YES;
				GCC_C_LANGUAGE_STANDARD = gnu11;
				GCC_NO_COMMON_BLOCKS = YES;
				GCC_WARN_64_TO_32_BIT_CONVERSION = YES;
				GCC_WARN_ABOUT_RETURN_TYPE = YES_ERROR;
				GCC_WARN_UNDECLARED_SELECTOR = YES;
				GCC_WARN_UNINITIALIZED_AUTOS = YES_AGGRESSIVE;
				GCC_WARN_UNUSED_FUNCTION = YES;
				GCC_WARN_UNUSED_VARIABLE = YES;
				IPHONEOS_DEPLOYMENT_TARGET = 14.4;
				MTL_ENABLE_DEBUG_INFO = NO;
				MTL_FAST_MATH = YES;
				SDKROOT = iphoneos;
				SWIFT_COMPILATION_MODE = wholemodule;
				SWIFT_OPTIMIZATION_LEVEL = "-O";
				VALIDATE_PRODUCT = YES;
			};
			name = Release;
		};
		DC27E1F026658B950029C3F4 /* Debug */ = {
			isa = XCBuildConfiguration;
			buildSettings = {
				ASSETCATALOG_COMPILER_APPICON_NAME = AppIcon;
				ASSETCATALOG_COMPILER_GLOBAL_ACCENT_COLOR_NAME = AccentColor;
				CODE_SIGN_STYLE = Automatic;
				DEVELOPMENT_ASSET_PATHS = "\"SwiftUITutorial01/Preview Content\"";
				DEVELOPMENT_TEAM = 65H75ALKC9;
				ENABLE_PREVIEWS = YES;
				INFOPLIST_FILE = SwiftUITutorial01/Info.plist;
				IPHONEOS_DEPLOYMENT_TARGET = 14.0;
				LD_RUNPATH_SEARCH_PATHS = (
					"$(inherited)",
					"@executable_path/Frameworks",
				);
				PRODUCT_BUNDLE_IDENTIFIER = com.ataanilturgay.SwiftUITutorial01;
				PRODUCT_NAME = "$(TARGET_NAME)";
				SWIFT_VERSION = 5.0;
				TARGETED_DEVICE_FAMILY = "1,2";
			};
			name = Debug;
		};
		DC27E1F126658B950029C3F4 /* Release */ = {
			isa = XCBuildConfiguration;
			buildSettings = {
				ASSETCATALOG_COMPILER_APPICON_NAME = AppIcon;
				ASSETCATALOG_COMPILER_GLOBAL_ACCENT_COLOR_NAME = AccentColor;
				CODE_SIGN_STYLE = Automatic;
				DEVELOPMENT_ASSET_PATHS = "\"SwiftUITutorial01/Preview Content\"";
				DEVELOPMENT_TEAM = 65H75ALKC9;
				ENABLE_PREVIEWS = YES;
				INFOPLIST_FILE = SwiftUITutorial01/Info.plist;
				IPHONEOS_DEPLOYMENT_TARGET = 14.0;
				LD_RUNPATH_SEARCH_PATHS = (
					"$(inherited)",
					"@executable_path/Frameworks",
				);
				PRODUCT_BUNDLE_IDENTIFIER = com.ataanilturgay.SwiftUITutorial01;
				PRODUCT_NAME = "$(TARGET_NAME)";
				SWIFT_VERSION = 5.0;
				TARGETED_DEVICE_FAMILY = "1,2";
			};
			name = Release;
		};
		DC27E1F326658B950029C3F4 /* Debug */ = {
			isa = XCBuildConfiguration;
			buildSettings = {
				ALWAYS_EMBED_SWIFT_STANDARD_LIBRARIES = YES;
				BUNDLE_LOADER = "$(TEST_HOST)";
				CODE_SIGN_STYLE = Automatic;
				INFOPLIST_FILE = SwiftUITutorial01Tests/Info.plist;
				IPHONEOS_DEPLOYMENT_TARGET = 14.0;
				LD_RUNPATH_SEARCH_PATHS = (
					"$(inherited)",
					"@executable_path/Frameworks",
					"@loader_path/Frameworks",
				);
				PRODUCT_BUNDLE_IDENTIFIER = com.ataanilturgay.SwiftUITutorial01Tests;
				PRODUCT_NAME = "$(TARGET_NAME)";
				SWIFT_VERSION = 5.0;
				TARGETED_DEVICE_FAMILY = "1,2";
				TEST_HOST = "$(BUILT_PRODUCTS_DIR)/SwiftUITutorial01.app/SwiftUITutorial01";
			};
			name = Debug;
		};
		DC27E1F426658B950029C3F4 /* Release */ = {
			isa = XCBuildConfiguration;
			buildSettings = {
				ALWAYS_EMBED_SWIFT_STANDARD_LIBRARIES = YES;
				BUNDLE_LOADER = "$(TEST_HOST)";
				CODE_SIGN_STYLE = Automatic;
				INFOPLIST_FILE = SwiftUITutorial01Tests/Info.plist;
				IPHONEOS_DEPLOYMENT_TARGET = 14.0;
				LD_RUNPATH_SEARCH_PATHS = (
					"$(inherited)",
					"@executable_path/Frameworks",
					"@loader_path/Frameworks",
				);
				PRODUCT_BUNDLE_IDENTIFIER = com.ataanilturgay.SwiftUITutorial01Tests;
				PRODUCT_NAME = "$(TARGET_NAME)";
				SWIFT_VERSION = 5.0;
				TARGETED_DEVICE_FAMILY = "1,2";
				TEST_HOST = "$(BUILT_PRODUCTS_DIR)/SwiftUITutorial01.app/SwiftUITutorial01";
			};
			name = Release;
		};
		DC27E1F626658B950029C3F4 /* Debug */ = {
			isa = XCBuildConfiguration;
			buildSettings = {
				ALWAYS_EMBED_SWIFT_STANDARD_LIBRARIES = YES;
				CODE_SIGN_STYLE = Automatic;
				INFOPLIST_FILE = SwiftUITutorial01UITests/Info.plist;
				LD_RUNPATH_SEARCH_PATHS = (
					"$(inherited)",
					"@executable_path/Frameworks",
					"@loader_path/Frameworks",
				);
				PRODUCT_BUNDLE_IDENTIFIER = com.ataanilturgay.SwiftUITutorial01UITests;
				PRODUCT_NAME = "$(TARGET_NAME)";
				SWIFT_VERSION = 5.0;
				TARGETED_DEVICE_FAMILY = "1,2";
				TEST_TARGET_NAME = SwiftUITutorial01;
			};
			name = Debug;
		};
		DC27E1F726658B950029C3F4 /* Release */ = {
			isa = XCBuildConfiguration;
			buildSettings = {
				ALWAYS_EMBED_SWIFT_STANDARD_LIBRARIES = YES;
				CODE_SIGN_STYLE = Automatic;
				INFOPLIST_FILE = SwiftUITutorial01UITests/Info.plist;
				LD_RUNPATH_SEARCH_PATHS = (
					"$(inherited)",
					"@executable_path/Frameworks",
					"@loader_path/Frameworks",
				);
				PRODUCT_BUNDLE_IDENTIFIER = com.ataanilturgay.SwiftUITutorial01UITests;
				PRODUCT_NAME = "$(TARGET_NAME)";
				SWIFT_VERSION = 5.0;
				TARGETED_DEVICE_FAMILY = "1,2";
				TEST_TARGET_NAME = SwiftUITutorial01;
			};
			name = Release;
		};
/* End XCBuildConfiguration section */

/* Begin XCConfigurationList section */
		DC27E1C526658B930029C3F4 /* Build configuration list for PBXProject "SwiftUITutorial01" */ = {
			isa = XCConfigurationList;
			buildConfigurations = (
				DC27E1ED26658B950029C3F4 /* Debug */,
				DC27E1EE26658B950029C3F4 /* Release */,
			);
			defaultConfigurationIsVisible = 0;
			defaultConfigurationName = Release;
		};
		DC27E1EF26658B950029C3F4 /* Build configuration list for PBXNativeTarget "SwiftUITutorial01" */ = {
			isa = XCConfigurationList;
			buildConfigurations = (
				DC27E1F026658B950029C3F4 /* Debug */,
				DC27E1F126658B950029C3F4 /* Release */,
			);
			defaultConfigurationIsVisible = 0;
			defaultConfigurationName = Release;
		};
		DC27E1F226658B950029C3F4 /* Build configuration list for PBXNativeTarget "SwiftUITutorial01Tests" */ = {
			isa = XCConfigurationList;
			buildConfigurations = (
				DC27E1F326658B950029C3F4 /* Debug */,
				DC27E1F426658B950029C3F4 /* Release */,
			);
			defaultConfigurationIsVisible = 0;
			defaultConfigurationName = Release;
		};
		DC27E1F526658B950029C3F4 /* Build configuration list for PBXNativeTarget "SwiftUITutorial01UITests" */ = {
			isa = XCConfigurationList;
			buildConfigurations = (
				DC27E1F626658B950029C3F4 /* Debug */,
				DC27E1F726658B950029C3F4 /* Release */,
			);
			defaultConfigurationIsVisible = 0;
			defaultConfigurationName = Release;
		};
/* End XCConfigurationList section */
	};
	rootObject = DC27E1C226658B930029C3F4 /* Project object */;
}
